{
  "version": 4,
  "terraform_version": "0.12.9",
  "serial": 89,
  "lineage": "796b76ef-1676-113e-ae14-7fff53f6b44b",
  "outputs": {},
  "resources": [
    {
      "module": "module.Deploy_VPC",
      "mode": "data",
      "type": "aws_route_table",
      "name": "find_PublicSubnet2RouteTableID",
      "provider": "module.Deploy_VPC.provider.aws",
      "instances": [
        {
          "schema_version": 0,
          "attributes": {
            "associations": [
              {
                "main": false,
                "route_table_association_id": "rtbassoc-0d505a83b1afeeb1a",
                "route_table_id": "rtb-0fb7b61d22c53858a",
                "subnet_id": "subnet-026944f3dde4e8990"
              },
              {
                "main": false,
                "route_table_association_id": "rtbassoc-04ee968c790f9c03c",
                "route_table_id": "rtb-0fb7b61d22c53858a",
                "subnet_id": "subnet-0ba93dd3cc06aaccf"
              },
              {
                "main": false,
                "route_table_association_id": "rtbassoc-0442735d4e90e4444",
                "route_table_id": "rtb-0fb7b61d22c53858a",
                "subnet_id": "subnet-052b66511534fc2be"
              },
              {
                "main": false,
                "route_table_association_id": "rtbassoc-09fcbdaaee587765a",
                "route_table_id": "rtb-0fb7b61d22c53858a",
                "subnet_id": "subnet-0eea6cb60a27efe63"
              }
            ],
            "filter": null,
            "id": "rtb-0fb7b61d22c53858a",
            "owner_id": "540612639861",
            "route_table_id": "rtb-0fb7b61d22c53858a",
            "routes": [
              {
                "cidr_block": "0.0.0.0/0",
                "egress_only_gateway_id": "",
                "gateway_id": "igw-062d3e94b219c21b7",
                "instance_id": "",
                "ipv6_cidr_block": "",
                "nat_gateway_id": "",
                "network_interface_id": "",
                "transit_gateway_id": "",
                "vpc_peering_connection_id": ""
              }
            ],
            "subnet_id": "subnet-0eea6cb60a27efe63",
            "tags": {
              "Name": "FTGT-HA-2AZs-2019-11-01-14-04-PublicRouteTable"
            },
            "vpc_id": "vpc-052da68a799fe1d02"
          },
          "depends_on": [
            "data.aws_subnet_ids.tf_PublicSubnet2"
          ]
        }
      ]
    },
    {
      "module": "module.Deploy_VPC",
      "mode": "data",
      "type": "aws_subnet_ids",
      "name": "tf_PublicSubnet2",
      "provider": "module.Deploy_VPC.provider.aws",
      "instances": [
        {
          "schema_version": 0,
          "attributes": {
            "filter": null,
            "id": "vpc-052da68a799fe1d02",
            "ids": [
              "subnet-0eea6cb60a27efe63"
            ],
            "tags": {
              "Name": "FTGT-HA-2AZs-2019-11-01-14-04-PublicSubnet2"
            },
            "vpc_id": "vpc-052da68a799fe1d02"
          },
          "depends_on": [
            "data.aws_vpc.tf_existing_VPC"
          ]
        }
      ]
    },
    {
      "module": "module.Deploy_VPC",
      "mode": "data",
      "type": "aws_vpc",
      "name": "tf_existing_VPC",
      "provider": "module.Deploy_VPC.provider.aws",
      "instances": [
        {
          "schema_version": 0,
          "attributes": {
            "arn": "arn:aws:ec2:us-east-1:540612639861:vpc/vpc-052da68a799fe1d02",
            "cidr_block": "10.0.0.0/16",
            "cidr_block_associations": [
              {
                "association_id": "vpc-cidr-assoc-0aca0e0a74f54b7b1",
                "cidr_block": "10.0.0.0/16",
                "state": "associated"
              }
            ],
            "default": false,
            "dhcp_options_id": "dopt-c75c51bc",
            "enable_dns_hostnames": true,
            "enable_dns_support": true,
            "filter": null,
            "id": "vpc-052da68a799fe1d02",
            "instance_tenancy": "default",
            "ipv6_association_id": null,
            "ipv6_cidr_block": null,
            "main_route_table_id": "rtb-000a351133197f3b2",
            "owner_id": "540612639861",
            "state": "available",
            "tags": {
              "Name": "FTGT-HA-2AZs-2019-11-01-14-04-VPC"
            }
          },
          "depends_on": [
            "aws_cloudformation_stack.VPC_for_FTGT-HA2AZ"
          ]
        }
      ]
    },
    {
      "module": "module.Deploy_FTGT_HA2AZ_PAYG",
      "mode": "managed",
      "type": "aws_cloudformation_stack",
      "name": "FTGT-HA2AZ-PAYG",
      "provider": "module.Deploy_FTGT_HA2AZ_PAYG.provider.aws",
      "instances": [
        {
          "status": "tainted",
          "schema_version": 0,
          "attributes": {
            "capabilities": [
              "CAPABILITY_AUTO_EXPAND",
              "CAPABILITY_IAM"
            ],
            "disable_rollback": null,
            "iam_role_arn": null,
            "id": "arn:aws:cloudformation:us-east-1:540612639861:stack/VPC-FTGT-HA-2-AZs-PAYG/dd548be0-fcb0-11e9-89f5-121b5b00f9e8",
            "name": "VPC-FTGT-HA-2-AZs-PAYG",
            "notification_arns": null,
            "on_failure": "ROLLBACK",
            "outputs": null,
            "parameters": {
              "AZForFGT1": "us-east-1a",
              "AZForFGT2": "us-east-1b",
              "CIDRForInstanceAccess": "0.0.0.0/0",
              "FortiGate1HAmgmtIP": "10.0.4.10/24",
              "FortiGate1HAsyncIP": "10.0.3.10/24",
              "FortiGate1LicenseFile": "",
              "FortiGate1PrivateIP": "10.0.2.10/24",
              "FortiGate1PublicIP": "10.0.1.10/24",
              "FortiGate2HAmgmtIP": "10.0.40.10/24",
              "FortiGate2HAsyncIP": "10.0.30.10/24",
              "FortiGate2LicenseFile": "",
              "FortiGate2PrivateIP": "10.0.20.10/24",
              "FortiGate2PublicIP": "10.0.10.10/24",
              "HAMgmtSubnet1": "10.0.4.0/24",
              "HAMgmtSubnet1RouterIP": "10.0.4.1",
              "HAMgmtSubnet2": "10.0.40.0/24",
              "HAMgmtSubnet2RouterIP": "10.0.40.1",
              "HASyncSubnet1": "10.0.3.0/24",
              "HASyncSubnet2": "10.0.30.0/24",
              "InitS3Bucket": "apollinaire-ftgt-bucket",
              "InitS3BucketRegion": "us-east-1",
              "InstanceType": "c5.xlarge",
              "KeyPair": "AWS-FTGT",
              "LicenseType": "PAYG",
              "PrivateSubnet1": "10.0.2.0/24",
              "PrivateSubnet1RouterIP": "10.0.2.1",
              "PrivateSubnet2": "10.0.20.0/24",
              "PrivateSubnet2RouterIP": "10.0.20.1",
              "PublicSubnet1": "10.0.1.0/24",
              "PublicSubnet1RouterIP": "10.0.1.1",
              "PublicSubnet2": "10.0.10.0/24",
              "PublicSubnet2RouteTableID": "rtb-0fb7b61d22c53858a",
              "PublicSubnet2RouterIP": "10.0.10.1",
              "S3EndpointDeployment": "DeployNew",
              "VPCCIDR": "10.0.0.0/16",
              "VPCID": "vpc-052da68a799fe1d02"
            },
            "policy_body": null,
            "policy_url": null,
            "tags": {
              "Name": "FTGT-HA2AZ_PAYG"
            },
            "template_body": null,
            "template_url": "https://apollinaire-ftgt-ha-2az-template.s3.amazonaws.com/FGCP_DualAZ_ExistingVPC.template.json",
            "timeout_in_minutes": null,
            "timeouts": null
          },
          "private": "eyJlMmJmYjczMC1lY2FhLTExZTYtOGY4OC0zNDM2M2JjN2M0YzAiOnsiY3JlYXRlIjoxODAwMDAwMDAwMDAwLCJkZWxldGUiOjE4MDAwMDAwMDAwMDAsInVwZGF0ZSI6MTgwMDAwMDAwMDAwMH19"
        }
      ]
    },
    {
      "module": "module.Deploy_VPC",
      "mode": "managed",
      "type": "aws_cloudformation_stack",
      "name": "VPC_for_FTGT-HA2AZ",
      "provider": "module.Deploy_VPC.provider.aws",
      "instances": [
        {
          "schema_version": 0,
          "attributes": {
            "capabilities": [
              "CAPABILITY_AUTO_EXPAND",
              "CAPABILITY_IAM"
            ],
            "disable_rollback": false,
            "iam_role_arn": "",
            "id": "arn:aws:cloudformation:us-east-1:540612639861:stack/FTGT-HA-2AZs-2019-11-01-14-04/b24327e0-fcb0-11e9-868d-12a619bb25d0",
            "name": "FTGT-HA-2AZs-2019-11-01-14-04",
            "notification_arns": null,
            "on_failure": "ROLLBACK",
            "outputs": {},
            "parameters": {
              "AZForSubnet1": "us-east-1a",
              "AZForSubnet2": "us-east-1b",
              "HAMgmtSubnet1": "10.0.4.0/24",
              "HAMgmtSubnet2": "10.0.40.0/24",
              "HASyncSubnet1": "10.0.3.0/24",
              "HASyncSubnet2": "10.0.30.0/24",
              "PrivateSubnet1": "10.0.2.0/24",
              "PrivateSubnet2": "10.0.20.0/24",
              "PublicSubnet1": "10.0.1.0/24",
              "PublicSubnet2": "10.0.10.0/24",
              "VPCCIDR": "10.0.0.0/16"
            },
            "policy_body": null,
            "policy_url": null,
            "tags": {
              "Name": "VPC_FTGT-HA2AZ"
            },
            "template_body": "{\"AWSTemplateFormatVersion\":\"2010-09-09\",\"Conditions\":{},\"Description\":\"(v1.1) AWS CFT to deploy a VPC with 4 subnets (Public, Private, HAsync, and HAmgmt) accross 2x Availability Zones.\",\"Metadata\":{\"AWS::CloudFormation::Interface\":{\"ParameterGroups\":[{\"Label\":{\"default\":\"VPC Configuration\"},\"Parameters\":[\"VPCCIDR\",\"AZForSubnet1\",\"AZForSubnet2\",\"PublicSubnet1\",\"PrivateSubnet1\",\"HASyncSubnet1\",\"HAMgmtSubnet1\",\"PublicSubnet2\",\"PrivateSubnet2\",\"HASyncSubnet2\",\"HAMgmtSubnet2\"]}]}},\"Parameters\":{\"AZForSubnet1\":{\"Description\":\"Select an Availability Zone for the first set of subnets\",\"Type\":\"AWS::EC2::AvailabilityZone::Name\"},\"AZForSubnet2\":{\"Description\":\"Select an Availability Zone for the second set of subnets\",\"Type\":\"AWS::EC2::AvailabilityZone::Name\"},\"HAMgmtSubnet1\":{\"Default\":\"10.0.4.0/24\",\"Description\":\"Provide a network CIDR for HAMgmtSubnet1\",\"Type\":\"String\"},\"HAMgmtSubnet2\":{\"Default\":\"10.0.40.0/24\",\"Description\":\"Provide a network CIDR for HAMgmtSubnet2\",\"Type\":\"String\"},\"HASyncSubnet1\":{\"Default\":\"10.0.3.0/24\",\"Description\":\"Provide a network CIDR for HASyncSubnet1\",\"Type\":\"String\"},\"HASyncSubnet2\":{\"Default\":\"10.0.30.0/24\",\"Description\":\"Provide a network CIDR for HASyncSubnet2\",\"Type\":\"String\"},\"PrivateSubnet1\":{\"Default\":\"10.0.2.0/24\",\"Description\":\"Provide a network CIDR for PrivateSubnet1\",\"Type\":\"String\"},\"PrivateSubnet2\":{\"Default\":\"10.0.20.0/24\",\"Description\":\"Provide a network CIDR for PrivateSubnet2\",\"Type\":\"String\"},\"PublicSubnet1\":{\"Default\":\"10.0.1.0/24\",\"Description\":\"Provide a network CIDR for PublicSubnet1\",\"Type\":\"String\"},\"PublicSubnet2\":{\"Default\":\"10.0.10.0/24\",\"Description\":\"Provide a network CIDR for PublicSubnet2\",\"Type\":\"String\"},\"VPCCIDR\":{\"Default\":\"10.0.0.0/16\",\"Description\":\"Provide a network CIDR for the VPC\",\"Type\":\"String\"}},\"Resources\":{\"AttachGateway\":{\"Properties\":{\"InternetGatewayId\":{\"Ref\":\"InternetGateway\"},\"VpcId\":{\"Ref\":\"VPCID\"}},\"Type\":\"AWS::EC2::VPCGatewayAttachment\"},\"HAMgmtSub1\":{\"Properties\":{\"AvailabilityZone\":{\"Ref\":\"AZForSubnet1\"},\"CidrBlock\":{\"Ref\":\"HAMgmtSubnet1\"},\"Tags\":[{\"Key\":\"Name\",\"Value\":{\"Fn::Join\":[\"-\",[{\"Ref\":\"AWS::StackName\"},\"HAMgmtSubnet1\"]]}}],\"VpcId\":{\"Ref\":\"VPCID\"}},\"Type\":\"AWS::EC2::Subnet\"},\"HAMgmtSub2\":{\"Properties\":{\"AvailabilityZone\":{\"Ref\":\"AZForSubnet2\"},\"CidrBlock\":{\"Ref\":\"HAMgmtSubnet2\"},\"Tags\":[{\"Key\":\"Name\",\"Value\":{\"Fn::Join\":[\"-\",[{\"Ref\":\"AWS::StackName\"},\"HAMgmtSubnet2\"]]}}],\"VpcId\":{\"Ref\":\"VPCID\"}},\"Type\":\"AWS::EC2::Subnet\"},\"HASyncSub1\":{\"Properties\":{\"AvailabilityZone\":{\"Ref\":\"AZForSubnet1\"},\"CidrBlock\":{\"Ref\":\"HASyncSubnet1\"},\"Tags\":[{\"Key\":\"Name\",\"Value\":{\"Fn::Join\":[\"-\",[{\"Ref\":\"AWS::StackName\"},\"HASyncSubnet1\"]]}}],\"VpcId\":{\"Ref\":\"VPCID\"}},\"Type\":\"AWS::EC2::Subnet\"},\"HASyncSub2\":{\"Properties\":{\"AvailabilityZone\":{\"Ref\":\"AZForSubnet2\"},\"CidrBlock\":{\"Ref\":\"HASyncSubnet2\"},\"Tags\":[{\"Key\":\"Name\",\"Value\":{\"Fn::Join\":[\"-\",[{\"Ref\":\"AWS::StackName\"},\"HASyncSubnet2\"]]}}],\"VpcId\":{\"Ref\":\"VPCID\"}},\"Type\":\"AWS::EC2::Subnet\"},\"InternetGateway\":{\"Properties\":{\"Tags\":[{\"Key\":\"Name\",\"Value\":{\"Fn::Join\":[\"-\",[{\"Ref\":\"AWS::StackName\"},\"IGW\"]]}}]},\"Type\":\"AWS::EC2::InternetGateway\"},\"PrivateSub1\":{\"Properties\":{\"AvailabilityZone\":{\"Ref\":\"AZForSubnet1\"},\"CidrBlock\":{\"Ref\":\"PrivateSubnet1\"},\"Tags\":[{\"Key\":\"Name\",\"Value\":{\"Fn::Join\":[\"-\",[{\"Ref\":\"AWS::StackName\"},\"PrivateSubnet1\"]]}}],\"VpcId\":{\"Ref\":\"VPCID\"}},\"Type\":\"AWS::EC2::Subnet\"},\"PrivateSub2\":{\"Properties\":{\"AvailabilityZone\":{\"Ref\":\"AZForSubnet2\"},\"CidrBlock\":{\"Ref\":\"PrivateSubnet2\"},\"Tags\":[{\"Key\":\"Name\",\"Value\":{\"Fn::Join\":[\"-\",[{\"Ref\":\"AWS::StackName\"},\"PrivateSubnet2\"]]}}],\"VpcId\":{\"Ref\":\"VPCID\"}},\"Type\":\"AWS::EC2::Subnet\"},\"PublicRouteTable\":{\"Properties\":{\"Tags\":[{\"Key\":\"Name\",\"Value\":{\"Fn::Join\":[\"-\",[{\"Ref\":\"AWS::StackName\"},\"PublicRouteTable\"]]}}],\"VpcId\":{\"Ref\":\"VPCID\"}},\"Type\":\"AWS::EC2::RouteTable\"},\"PublicSub1\":{\"Properties\":{\"AvailabilityZone\":{\"Ref\":\"AZForSubnet1\"},\"CidrBlock\":{\"Ref\":\"PublicSubnet1\"},\"Tags\":[{\"Key\":\"Name\",\"Value\":{\"Fn::Join\":[\"-\",[{\"Ref\":\"AWS::StackName\"},\"PublicSubnet1\"]]}}],\"VpcId\":{\"Ref\":\"VPCID\"}},\"Type\":\"AWS::EC2::Subnet\"},\"PublicSub2\":{\"Properties\":{\"AvailabilityZone\":{\"Ref\":\"AZForSubnet2\"},\"CidrBlock\":{\"Ref\":\"PublicSubnet2\"},\"Tags\":[{\"Key\":\"Name\",\"Value\":{\"Fn::Join\":[\"-\",[{\"Ref\":\"AWS::StackName\"},\"PublicSubnet2\"]]}}],\"VpcId\":{\"Ref\":\"VPCID\"}},\"Type\":\"AWS::EC2::Subnet\"},\"Route1\":{\"DependsOn\":\"AttachGateway\",\"Properties\":{\"DestinationCidrBlock\":\"0.0.0.0/0\",\"GatewayId\":{\"Ref\":\"InternetGateway\"},\"RouteTableId\":{\"Ref\":\"PublicRouteTable\"}},\"Type\":\"AWS::EC2::Route\"},\"SubnetRouteTableAssociation1\":{\"Properties\":{\"RouteTableId\":{\"Ref\":\"PublicRouteTable\"},\"SubnetId\":{\"Ref\":\"PublicSub1\"}},\"Type\":\"AWS::EC2::SubnetRouteTableAssociation\"},\"SubnetRouteTableAssociation2\":{\"Properties\":{\"RouteTableId\":{\"Ref\":\"PublicRouteTable\"},\"SubnetId\":{\"Ref\":\"PublicSub2\"}},\"Type\":\"AWS::EC2::SubnetRouteTableAssociation\"},\"SubnetRouteTableAssociation3\":{\"Properties\":{\"RouteTableId\":{\"Ref\":\"PublicRouteTable\"},\"SubnetId\":{\"Ref\":\"HAMgmtSub1\"}},\"Type\":\"AWS::EC2::SubnetRouteTableAssociation\"},\"SubnetRouteTableAssociation4\":{\"Properties\":{\"RouteTableId\":{\"Ref\":\"PublicRouteTable\"},\"SubnetId\":{\"Ref\":\"HAMgmtSub2\"}},\"Type\":\"AWS::EC2::SubnetRouteTableAssociation\"},\"VPCID\":{\"Properties\":{\"CidrBlock\":{\"Ref\":\"VPCCIDR\"},\"EnableDnsHostnames\":\"true\",\"EnableDnsSupport\":\"true\",\"Tags\":[{\"Key\":\"Name\",\"Value\":{\"Fn::Join\":[\"-\",[{\"Ref\":\"AWS::StackName\"},\"VPC\"]]}}]},\"Type\":\"AWS::EC2::VPC\"}}}",
            "template_url": "https://apollinaire-ftgt-ha-2az-template.s3.amazonaws.com/BaseVPC_FGCP_DualAZ.template.json",
            "timeout_in_minutes": null,
            "timeouts": null
          },
          "private": "eyJlMmJmYjczMC1lY2FhLTExZTYtOGY4OC0zNDM2M2JjN2M0YzAiOnsiY3JlYXRlIjoxODAwMDAwMDAwMDAwLCJkZWxldGUiOjE4MDAwMDAwMDAwMDAsInVwZGF0ZSI6MTgwMDAwMDAwMDAwMH19"
        }
      ]
    }
  ]
}
